
Microsoft Visual Studio Solution File, Format Version 12.00
# Visual Studio Version 16
VisualStudioVersion = 16.6.30114.105
MinimumVisualStudioVersion = 10.0.40219.1
Project("{FAE04EC0-301F-11D3-BF4B-00C04F79EFBC}") = "ClerkTracker.Client.Mvc", "ClerkTracker.Client.Mvc\ClerkTracker.Client.Mvc.csproj", "{5137DEC6-39A7-4108-81D9-4E9FC3D482E8}"
EndProject
Project("{FAE04EC0-301F-11D3-BF4B-00C04F79EFBC}") = "ClerkTracker.Testing.Mvc", "ClerkTracker.Testing.Mvc\ClerkTracker.Testing.Mvc.csproj", "{0689EB73-A0BF-4CB5-B6B8-2AC9D3CDF2D4}"
EndProject
Global
	GlobalSection(SolutionConfigurationPlatforms) = preSolution
		Debug|Any CPU = Debug|Any CPU
		Debug|x64 = Debug|x64
		Debug|x86 = Debug|x86
		Release|Any CPU = Release|Any CPU
		Release|x64 = Release|x64
		Release|x86 = Release|x86
	EndGlobalSection
	GlobalSection(SolutionProperties) = preSolution
		HideSolutionNode = FALSE
	EndGlobalSection
	GlobalSection(ProjectConfigurationPlatforms) = postSolution
		{5137DEC6-39A7-4108-81D9-4E9FC3D482E8}.Debug|Any CPU.ActiveCfg = Debug|Any CPU
		{5137DEC6-39A7-4108-81D9-4E9FC3D482E8}.Debug|Any CPU.Build.0 = Debug|Any CPU
		{5137DEC6-39A7-4108-81D9-4E9FC3D482E8}.Debug|x64.ActiveCfg = Debug|Any CPU
		{5137DEC6-39A7-4108-81D9-4E9FC3D482E8}.Debug|x64.Build.0 = Debug|Any CPU
		{5137DEC6-39A7-4108-81D9-4E9FC3D482E8}.Debug|x86.ActiveCfg = Debug|Any CPU
		{5137DEC6-39A7-4108-81D9-4E9FC3D482E8}.Debug|x86.Build.0 = Debug|Any CPU
		{5137DEC6-39A7-4108-81D9-4E9FC3D482E8}.Release|Any CPU.ActiveCfg = Release|Any CPU
		{5137DEC6-39A7-4108-81D9-4E9FC3D482E8}.Release|Any CPU.Build.0 = Release|Any CPU
		{5137DEC6-39A7-4108-81D9-4E9FC3D482E8}.Release|x64.ActiveCfg = Release|Any CPU
		{5137DEC6-39A7-4108-81D9-4E9FC3D482E8}.Release|x64.Build.0 = Release|Any CPU
		{5137DEC6-39A7-4108-81D9-4E9FC3D482E8}.Release|x86.ActiveCfg = Release|Any CPU
		{5137DEC6-39A7-4108-81D9-4E9FC3D482E8}.Release|x86.Build.0 = Release|Any CPU
		{0689EB73-A0BF-4CB5-B6B8-2AC9D3CDF2D4}.Debug|Any CPU.ActiveCfg = Debug|Any CPU
		{0689EB73-A0BF-4CB5-B6B8-2AC9D3CDF2D4}.Debug|Any CPU.Build.0 = Debug|Any CPU
		{0689EB73-A0BF-4CB5-B6B8-2AC9D3CDF2D4}.Debug|x64.ActiveCfg = Debug|Any CPU
		{0689EB73-A0BF-4CB5-B6B8-2AC9D3CDF2D4}.Debug|x64.Build.0 = Debug|Any CPU
		{0689EB73-A0BF-4CB5-B6B8-2AC9D3CDF2D4}.Debug|x86.ActiveCfg = Debug|Any CPU
		{0689EB73-A0BF-4CB5-B6B8-2AC9D3CDF2D4}.Debug|x86.Build.0 = Debug|Any CPU
		{0689EB73-A0BF-4CB5-B6B8-2AC9D3CDF2D4}.Release|Any CPU.ActiveCfg = Release|Any CPU
		{0689EB73-A0BF-4CB5-B6B8-2AC9D3CDF2D4}.Release|Any CPU.Build.0 = Release|Any CPU
		{0689EB73-A0BF-4CB5-B6B8-2AC9D3CDF2D4}.Release|x64.ActiveCfg = Release|Any CPU
		{0689EB73-A0BF-4CB5-B6B8-2AC9D3CDF2D4}.Release|x64.Build.0 = Release|Any CPU
		{0689EB73-A0BF-4CB5-B6B8-2AC9D3CDF2D4}.Release|x86.ActiveCfg = Release|Any CPU
		{0689EB73-A0BF-4CB5-B6B8-2AC9D3CDF2D4}.Release|x86.Build.0 = Release|Any CPU
	EndGlobalSection
EndGlobal
